
Microsoft Visual Studio Solution File, Format Version 12.00
# Visual Studio Version 17
VisualStudioVersion = 17.14.36121.58 d17.14
MinimumVisualStudioVersion = 10.0.40219.1
Project("{FAE04EC0-301F-11D3-BF4B-00C04F79EFBC}") = "ucieczka_z_titanica", "ucieczka_z_titanica\ucieczka_z_titanica.csproj", "{630B998E-1746-4A56-9495-F1B9195456AF}"
EndProject
Global
	GlobalSection(SolutionConfigurationPlatforms) = preSolution
		Debug|Any CPU = Debug|Any CPU
		Release|Any CPU = Release|Any CPU
	EndGlobalSection
	GlobalSection(ProjectConfigurationPlatforms) = postSolution
		{630B998E-1746-4A56-9495-F1B9195456AF}.Debug|Any CPU.ActiveCfg = Debug|Any CPU
		{630B998E-1746-4A56-9495-F1B9195456AF}.Debug|Any CPU.Build.0 = Debug|Any CPU
		{630B998E-1746-4A56-9495-F1B9195456AF}.Release|Any CPU.ActiveCfg = Release|Any CPU
		{630B998E-1746-4A56-9495-F1B9195456AF}.Release|Any CPU.Build.0 = Release|Any CPU
	EndGlobalSection
	GlobalSection(SolutionProperties) = preSolution
		HideSolutionNode = FALSE
	EndGlobalSection
	GlobalSection(ExtensibilityGlobals) = postSolution
		SolutionGuid = {677F4246-58D9-445B-A256-70593ECD5FC6}
	EndGlobalSection
EndGlobal
